
Microsoft Visual Studio Solution File, Format Version 12.00
# Visual Studio Version 17
VisualStudioVersion = 17.7.34018.315
MinimumVisualStudioVersion = 10.0.40219.1
Project("{9A19103F-16F7-4668-BE54-9A1E7A4F7556}") = "minWorkManagerCRM", "minWorkManagerCRM\minWorkManagerCRM.csproj", "{7B7D7132-B3EC-4E0B-B98D-322566A391A6}"
EndProject
Project("{9A19103F-16F7-4668-BE54-9A1E7A4F7556}") = "CRM.Entities", "CRM.Entities\CRM.Entities.csproj", "{0D28A3AC-6DFE-4B0D-B9C4-98DCC43F2D6E}"
EndProject
Project("{9A19103F-16F7-4668-BE54-9A1E7A4F7556}") = "CRM.EntitiesConfigurations", "CRM.EntitiesConfigurations\CRM.EntitiesConfigurations.csproj", "{0E6E0413-450C-455E-B517-6949201352E0}"
EndProject
Project("{9A19103F-16F7-4668-BE54-9A1E7A4F7556}") = "CRM.Data", "CRM.Data\CRM.Data.csproj", "{B93EA63E-8EB7-4BE2-878A-5315CC422743}"
EndProject
Project("{9A19103F-16F7-4668-BE54-9A1E7A4F7556}") = "JobFlow", "JobFlow\JobFlow.csproj", "{CFC0E59F-5077-47C3-8230-0103030AC364}"
EndProject
Project("{FAE04EC0-301F-11D3-BF4B-00C04F79EFBC}") = "CRM.WebApp", "CRM.WebApp\CRM.WebApp.csproj", "{9ACAC8A3-3B2B-4E94-89B5-563E05D7BBF4}"
EndProject
Global
	GlobalSection(SolutionConfigurationPlatforms) = preSolution
		Debug|Any CPU = Debug|Any CPU
		Release|Any CPU = Release|Any CPU
	EndGlobalSection
	GlobalSection(ProjectConfigurationPlatforms) = postSolution
		{7B7D7132-B3EC-4E0B-B98D-322566A391A6}.Debug|Any CPU.ActiveCfg = Debug|Any CPU
		{7B7D7132-B3EC-4E0B-B98D-322566A391A6}.Debug|Any CPU.Build.0 = Debug|Any CPU
		{7B7D7132-B3EC-4E0B-B98D-322566A391A6}.Release|Any CPU.ActiveCfg = Release|Any CPU
		{7B7D7132-B3EC-4E0B-B98D-322566A391A6}.Release|Any CPU.Build.0 = Release|Any CPU
		{0D28A3AC-6DFE-4B0D-B9C4-98DCC43F2D6E}.Debug|Any CPU.ActiveCfg = Debug|Any CPU
		{0D28A3AC-6DFE-4B0D-B9C4-98DCC43F2D6E}.Debug|Any CPU.Build.0 = Debug|Any CPU
		{0D28A3AC-6DFE-4B0D-B9C4-98DCC43F2D6E}.Release|Any CPU.ActiveCfg = Release|Any CPU
		{0D28A3AC-6DFE-4B0D-B9C4-98DCC43F2D6E}.Release|Any CPU.Build.0 = Release|Any CPU
		{0E6E0413-450C-455E-B517-6949201352E0}.Debug|Any CPU.ActiveCfg = Debug|Any CPU
		{0E6E0413-450C-455E-B517-6949201352E0}.Debug|Any CPU.Build.0 = Debug|Any CPU
		{0E6E0413-450C-455E-B517-6949201352E0}.Release|Any CPU.ActiveCfg = Release|Any CPU
		{0E6E0413-450C-455E-B517-6949201352E0}.Release|Any CPU.Build.0 = Release|Any CPU
		{B93EA63E-8EB7-4BE2-878A-5315CC422743}.Debug|Any CPU.ActiveCfg = Debug|Any CPU
		{B93EA63E-8EB7-4BE2-878A-5315CC422743}.Debug|Any CPU.Build.0 = Debug|Any CPU
		{B93EA63E-8EB7-4BE2-878A-5315CC422743}.Release|Any CPU.ActiveCfg = Release|Any CPU
		{B93EA63E-8EB7-4BE2-878A-5315CC422743}.Release|Any CPU.Build.0 = Release|Any CPU
		{CFC0E59F-5077-47C3-8230-0103030AC364}.Debug|Any CPU.ActiveCfg = Debug|Any CPU
		{CFC0E59F-5077-47C3-8230-0103030AC364}.Debug|Any CPU.Build.0 = Debug|Any CPU
		{CFC0E59F-5077-47C3-8230-0103030AC364}.Release|Any CPU.ActiveCfg = Release|Any CPU
		{CFC0E59F-5077-47C3-8230-0103030AC364}.Release|Any CPU.Build.0 = Release|Any CPU
		{9ACAC8A3-3B2B-4E94-89B5-563E05D7BBF4}.Debug|Any CPU.ActiveCfg = Debug|Any CPU
		{9ACAC8A3-3B2B-4E94-89B5-563E05D7BBF4}.Debug|Any CPU.Build.0 = Debug|Any CPU
		{9ACAC8A3-3B2B-4E94-89B5-563E05D7BBF4}.Release|Any CPU.ActiveCfg = Release|Any CPU
		{9ACAC8A3-3B2B-4E94-89B5-563E05D7BBF4}.Release|Any CPU.Build.0 = Release|Any CPU
	EndGlobalSection
	GlobalSection(SolutionProperties) = preSolution
		HideSolutionNode = FALSE
	EndGlobalSection
	GlobalSection(ExtensibilityGlobals) = postSolution
		SolutionGuid = {A414BF42-04A9-4B2A-9488-1AEE6504C958}
	EndGlobalSection
EndGlobal
